{
    "name": "filmarket-bot",
    "version": "0.0.1",
    "lockfileVersion": 2,
    "requires": true,
    "packages": {
        "": {
            "version": "0.0.1",
            "license": "MIT",
            "dependencies": {
                "@maxmind/geoip2-node": "^3.4.0",
                "axios": "^0.24.0",
                "axios-rate-limit": "^1.3.0",
                "bignumber.js": "^9.0.2",
                "coinmarketcap-api": "^3.1.1",
                "env-cmd": "^10.1.0",
                "near-api-js": "^0.44.2",
                "time-stamp": "^2.2.0"
            }
        },
        "node_modules/@maxmind/geoip2-node": {
            "version": "3.4.0",
            "resolved": "https://registry.npmjs.org/@maxmind/geoip2-node/-/geoip2-node-3.4.0.tgz",
            "integrity": "sha512-XBB+IJSXQRXXHBvwULZu2nOYAPuC0pc77xw/xkDo0cWkBO/L2rUMr+xKGZwj47mFBEiG6tnTMBzxJajEJTrKAg==",
            "dependencies": {
                "camelcase-keys": "^7.0.0",
                "ip6addr": "^0.2.5",
                "lodash.set": "^4.3.2",
                "maxmind": "^4.2.0"
            }
        },
        "node_modules/assert-plus": {
            "version": "1.0.0",
            "resolved": "https://registry.npmjs.org/assert-plus/-/assert-plus-1.0.0.tgz",
            "integrity": "sha1-8S4PPF13sLHN2RRpQuTpbB5N1SU=",
            "engines": {
                "node": ">=0.8"
            }
        },
        "node_modules/axios": {
            "version": "0.24.0",
            "resolved": "https://registry.npmjs.org/axios/-/axios-0.24.0.tgz",
            "integrity": "sha512-Q6cWsys88HoPgAaFAVUb0WpPk0O8iTeisR9IMqy9G8AbO4NlpVknrnQS03zzF9PGAWgO3cgletO3VjV/P7VztA==",
            "dependencies": {
                "follow-redirects": "^1.14.4"
            }
        },
        "node_modules/axios-rate-limit": {
            "version": "1.3.0",
            "resolved": "https://registry.npmjs.org/axios-rate-limit/-/axios-rate-limit-1.3.0.tgz",
            "integrity": "sha512-cKR5wTbU/CeeyF1xVl5hl6FlYsmzDVqxlN4rGtfO5x7J83UxKDckudsW0yW21/ZJRcO0Qrfm3fUFbhEbWTLayw==",
            "peerDependencies": {
                "axios": "*"
            }
        },
        "node_modules/base-x": {
            "version": "3.0.9",
            "resolved": "https://registry.npmjs.org/base-x/-/base-x-3.0.9.tgz",
            "integrity": "sha512-H7JU6iBHTal1gp56aKoaa//YUxEaAOUiydvrV/pILqIHXTtqxSkATOnDA2u+jZ/61sD+L/412+7kzXRtWukhpQ==",
            "dependencies": {
                "safe-buffer": "^5.0.1"
            }
        },
        "node_modules/bignumber.js": {
            "version": "9.0.2",
            "resolved": "https://registry.npmjs.org/bignumber.js/-/bignumber.js-9.0.2.tgz",
            "integrity": "sha512-GAcQvbpsM0pUb0zw1EI0KhQEZ+lRwR5fYaAp3vPOYuP7aDvGy6cVN6XHLauvF8SOga2y0dcLcjt3iQDTSEliyw==",
            "engines": {
                "node": "*"
            }
        },
        "node_modules/bn.js": {
            "version": "5.2.0",
            "resolved": "https://registry.npmjs.org/bn.js/-/bn.js-5.2.0.tgz",
            "integrity": "sha512-D7iWRBvnZE8ecXiLj/9wbxH7Tk79fAh8IHaTNq1RWRixsS02W+5qS+iE9yq6RYl0asXx5tw0bLhmT5pIfbSquw=="
        },
        "node_modules/borsh": {
            "version": "0.6.0",
            "resolved": "https://registry.npmjs.org/borsh/-/borsh-0.6.0.tgz",
            "integrity": "sha512-sl5k89ViqsThXQpYa9XDtz1sBl3l1lI313cFUY1HKr+wvMILnb+58xpkqTNrYbelh99dY7K8usxoCusQmqix9Q==",
            "dependencies": {
                "bn.js": "^5.2.0",
                "bs58": "^4.0.0",
                "text-encoding-utf-8": "^1.0.2"
            }
        },
        "node_modules/bs58": {
            "version": "4.0.1",
            "resolved": "https://registry.npmjs.org/bs58/-/bs58-4.0.1.tgz",
            "integrity": "sha1-vhYedsNU9veIrkBx9j806MTwpCo=",
            "dependencies": {
                "base-x": "^3.0.2"
            }
        },
        "node_modules/call-bind": {
            "version": "1.0.2",
            "resolved": "https://registry.npmjs.org/call-bind/-/call-bind-1.0.2.tgz",
            "integrity": "sha512-7O+FbCihrB5WGbFYesctwmTKae6rOiIzmz1icreWJ+0aA7LJfuqhEso2T9ncpcFtzMQtzXf2QGGueWJGTYsqrA==",
            "dependencies": {
                "function-bind": "^1.1.1",
                "get-intrinsic": "^1.0.2"
            },
            "funding": {
                "url": "https://github.com/sponsors/ljharb"
            }
        },
        "node_modules/camelcase": {
            "version": "6.3.0",
            "resolved": "https://registry.npmjs.org/camelcase/-/camelcase-6.3.0.tgz",
            "integrity": "sha512-Gmy6FhYlCY7uOElZUSbxo2UCDH8owEk996gkbrpsgGtrJLM3J7jGxl9Ic7Qwwj4ivOE5AWZWRMecDdF7hqGjFA==",
            "engines": {
                "node": ">=10"
            },
            "funding": {
                "url": "https://github.com/sponsors/sindresorhus"
            }
        },
        "node_modules/camelcase-keys": {
            "version": "7.0.1",
            "resolved": "https://registry.npmjs.org/camelcase-keys/-/camelcase-keys-7.0.1.tgz",
            "integrity": "sha512-P331lEls98pW8JLyodNWfzuz91BEDVA4VpW2/SwXnyv2K495tq1N777xzDbFgnEigfA7UIY0xa6PwR/H9jijjA==",
            "dependencies": {
                "camelcase": "^6.2.0",
                "map-obj": "^4.1.0",
                "quick-lru": "^5.1.1",
                "type-fest": "^1.2.1"
            },
            "engines": {
                "node": ">=12"
            },
            "funding": {
                "url": "https://github.com/sponsors/sindresorhus"
            }
        },
        "node_modules/capability": {
            "version": "0.2.5",
            "resolved": "https://registry.npmjs.org/capability/-/capability-0.2.5.tgz",
            "integrity": "sha1-Ua2HNT8ZNv/Xfy8hx0YzpN6oiAE="
        },
        "node_modules/coinmarketcap-api": {
            "version": "3.1.1",
            "resolved": "https://registry.npmjs.org/coinmarketcap-api/-/coinmarketcap-api-3.1.1.tgz",
            "integrity": "sha512-fXTJq3YyiI54m9W0T5CwxQAKEpZqXRZdKbb10Zld/vINfdM83Y8so+m6RVWoJktl8tMIAxCtkVVC5aGwSs1keQ==",
            "dependencies": {
                "node-fetch": "^2.6.0",
                "qs": "^6.7.0"
            }
        },
        "node_modules/commander": {
            "version": "4.1.1",
            "resolved": "https://registry.npmjs.org/commander/-/commander-4.1.1.tgz",
            "integrity": "sha512-NOKm8xhkzAjzFx8B2v5OAHT+u5pRQc2UCa2Vq9jYL/31o2wi9mxBA7LIFs3sV5VSC49z6pEhfbMULvShKj26WA==",
            "engines": {
                "node": ">= 6"
            }
        },
        "node_modules/core-util-is": {
            "version": "1.0.2",
            "resolved": "https://registry.npmjs.org/core-util-is/-/core-util-is-1.0.2.tgz",
            "integrity": "sha1-tf1UIgqivFq1eqtxQMlAdUUDwac="
        },
        "node_modules/cross-spawn": {
            "version": "7.0.3",
            "resolved": "https://registry.npmjs.org/cross-spawn/-/cross-spawn-7.0.3.tgz",
            "integrity": "sha512-iRDPJKUPVEND7dHPO8rkbOnPpyDygcDFtWjpeWNCgy8WP2rXcxXL8TskReQl6OrB2G7+UJrags1q15Fudc7G6w==",
            "dependencies": {
                "path-key": "^3.1.0",
                "shebang-command": "^2.0.0",
                "which": "^2.0.1"
            },
            "engines": {
                "node": ">= 8"
            }
        },
        "node_modules/depd": {
            "version": "2.0.0",
            "resolved": "https://registry.npmjs.org/depd/-/depd-2.0.0.tgz",
            "integrity": "sha512-g7nH6P6dyDioJogAAGprGpCtVImJhpPk/roCzdb3fIh61/s/nPsfR6onyMwkCAR/OlC3yBC0lESvUoQEAssIrw==",
            "engines": {
                "node": ">= 0.8"
            }
        },
        "node_modules/env-cmd": {
            "version": "10.1.0",
            "resolved": "https://registry.npmjs.org/env-cmd/-/env-cmd-10.1.0.tgz",
            "integrity": "sha512-mMdWTT9XKN7yNth/6N6g2GuKuJTsKMDHlQFUDacb/heQRRWOTIZ42t1rMHnQu4jYxU1ajdTeJM+9eEETlqToMA==",
            "dependencies": {
                "commander": "^4.0.0",
                "cross-spawn": "^7.0.0"
            },
            "bin": {
                "env-cmd": "bin/env-cmd.js"
            },
            "engines": {
                "node": ">=8.0.0"
            }
        },
        "node_modules/error-polyfill": {
            "version": "0.1.3",
            "resolved": "https://registry.npmjs.org/error-polyfill/-/error-polyfill-0.1.3.tgz",
            "integrity": "sha512-XHJk60ufE+TG/ydwp4lilOog549iiQF2OAPhkk9DdiYWMrltz5yhDz/xnKuenNwP7gy3dsibssO5QpVhkrSzzg==",
            "dependencies": {
                "capability": "^0.2.5",
                "o3": "^1.0.3",
                "u3": "^0.1.1"
            }
        },
        "node_modules/extsprintf": {
            "version": "1.3.0",
            "resolved": "https://registry.npmjs.org/extsprintf/-/extsprintf-1.3.0.tgz",
            "integrity": "sha1-lpGEQOMEGnpBT4xS48V06zw+HgU=",
            "engines": [
                "node >=0.6.0"
            ]
        },
        "node_modules/follow-redirects": {
            "version": "1.14.7",
            "resolved": "https://registry.npmjs.org/follow-redirects/-/follow-redirects-1.14.7.tgz",
            "integrity": "sha512-+hbxoLbFMbRKDwohX8GkTataGqO6Jb7jGwpAlwgy2bIz25XtRm7KEzJM76R1WiNT5SwZkX4Y75SwBolkpmE7iQ==",
            "funding": [
                {
                    "type": "individual",
                    "url": "https://github.com/sponsors/RubenVerborgh"
                }
            ],
            "engines": {
                "node": ">=4.0"
            },
            "peerDependenciesMeta": {
                "debug": {
                    "optional": true
                }
            }
        },
        "node_modules/function-bind": {
            "version": "1.1.1",
            "resolved": "https://registry.npmjs.org/function-bind/-/function-bind-1.1.1.tgz",
            "integrity": "sha512-yIovAzMX49sF8Yl58fSCWJ5svSLuaibPxXQJFLmBObTuCr0Mf1KiPopGM9NiFjiYBCbfaa2Fh6breQ6ANVTI0A=="
        },
        "node_modules/get-intrinsic": {
            "version": "1.1.1",
            "resolved": "https://registry.npmjs.org/get-intrinsic/-/get-intrinsic-1.1.1.tgz",
            "integrity": "sha512-kWZrnVM42QCiEA2Ig1bG8zjoIMOgxWwYCEeNdwY6Tv/cOSeGpcoX4pXHfKUxNKVoArnrEr2e9srnAxxGIraS9Q==",
            "dependencies": {
                "function-bind": "^1.1.1",
                "has": "^1.0.3",
                "has-symbols": "^1.0.1"
            },
            "funding": {
                "url": "https://github.com/sponsors/ljharb"
            }
        },
        "node_modules/has": {
            "version": "1.0.3",
            "resolved": "https://registry.npmjs.org/has/-/has-1.0.3.tgz",
            "integrity": "sha512-f2dvO0VU6Oej7RkWJGrehjbzMAjFp5/VKPp5tTpWIV4JHHZK1/BxbFRtf/siA2SWTe09caDmVtYYzWEIbBS4zw==",
            "dependencies": {
                "function-bind": "^1.1.1"
            },
            "engines": {
                "node": ">= 0.4.0"
            }
        },
        "node_modules/has-symbols": {
            "version": "1.0.2",
            "resolved": "https://registry.npmjs.org/has-symbols/-/has-symbols-1.0.2.tgz",
            "integrity": "sha512-chXa79rL/UC2KlX17jo3vRGz0azaWEx5tGqZg5pO3NUyEJVB17dMruQlzCCOfUvElghKcm5194+BCRvi2Rv/Gw==",
            "engines": {
                "node": ">= 0.4"
            },
            "funding": {
                "url": "https://github.com/sponsors/ljharb"
            }
        },
        "node_modules/http-errors": {
            "version": "1.8.1",
            "resolved": "https://registry.npmjs.org/http-errors/-/http-errors-1.8.1.tgz",
            "integrity": "sha512-Kpk9Sm7NmI+RHhnj6OIWDI1d6fIoFAtFt9RLaTMRlg/8w49juAStsrBgp0Dp4OdxdVbRIeKhtCUvoi/RuAhO4g==",
            "dependencies": {
                "depd": "~1.1.2",
                "inherits": "2.0.4",
                "setprototypeof": "1.2.0",
                "statuses": ">= 1.5.0 < 2",
                "toidentifier": "1.0.1"
            },
            "engines": {
                "node": ">= 0.6"
            }
        },
        "node_modules/http-errors/node_modules/depd": {
            "version": "1.1.2",
            "resolved": "https://registry.npmjs.org/depd/-/depd-1.1.2.tgz",
            "integrity": "sha1-m81S4UwJd2PnSbJ0xDRu0uVgtak=",
            "engines": {
                "node": ">= 0.6"
            }
        },
        "node_modules/inherits": {
            "version": "2.0.4",
            "resolved": "https://registry.npmjs.org/inherits/-/inherits-2.0.4.tgz",
            "integrity": "sha512-k/vGaX4/Yla3WzyMCvTQOXYeIHvqOKtnqBduzTHpzpQZzAskKMhZ2K+EnBiSM9zGSoIFeMpXKxa4dYeZIQqewQ=="
        },
        "node_modules/ip6addr": {
            "version": "0.2.5",
            "resolved": "https://registry.npmjs.org/ip6addr/-/ip6addr-0.2.5.tgz",
            "integrity": "sha512-9RGGSB6Zc9Ox5DpDGFnJdIeF0AsqXzdH+FspCfPPaU/L/4tI6P+5lIoFUFm9JXs9IrJv1boqAaNCQmoDADTSKQ==",
            "dependencies": {
                "assert-plus": "^1.0.0",
                "jsprim": "^2.0.2"
            }
        },
        "node_modules/isexe": {
            "version": "2.0.0",
            "resolved": "https://registry.npmjs.org/isexe/-/isexe-2.0.0.tgz",
            "integrity": "sha1-6PvzdNxVb/iUehDcsFctYz8s+hA="
        },
        "node_modules/js-sha256": {
            "version": "0.9.0",
            "resolved": "https://registry.npmjs.org/js-sha256/-/js-sha256-0.9.0.tgz",
            "integrity": "sha512-sga3MHh9sgQN2+pJ9VYZ+1LPwXOxuBJBA5nrR5/ofPfuiJBE2hnjsaN8se8JznOmGLN2p49Pe5U/ttafcs/apA=="
        },
        "node_modules/json-schema": {
            "version": "0.4.0",
            "resolved": "https://registry.npmjs.org/json-schema/-/json-schema-0.4.0.tgz",
            "integrity": "sha512-es94M3nTIfsEPisRafak+HDLfHXnKBhV3vU5eqPcS3flIWqcxJWgXHXiey3YrpaNsanY5ei1VoYEbOzijuq9BA=="
        },
        "node_modules/jsprim": {
            "version": "2.0.2",
            "resolved": "https://registry.npmjs.org/jsprim/-/jsprim-2.0.2.tgz",
            "integrity": "sha512-gqXddjPqQ6G40VdnI6T6yObEC+pDNvyP95wdQhkWkg7crHH3km5qP1FsOXEkzEQwnz6gz5qGTn1c2Y52wP3OyQ==",
            "engines": [
                "node >=0.6.0"
            ],
            "dependencies": {
                "assert-plus": "1.0.0",
                "extsprintf": "1.3.0",
                "json-schema": "0.4.0",
                "verror": "1.10.0"
            }
        },
        "node_modules/lodash.set": {
            "version": "4.3.2",
            "resolved": "https://registry.npmjs.org/lodash.set/-/lodash.set-4.3.2.tgz",
            "integrity": "sha1-2HV7HagH3eJIFrDWqEvqGnYjCyM="
        },
        "node_modules/map-obj": {
            "version": "4.3.0",
            "resolved": "https://registry.npmjs.org/map-obj/-/map-obj-4.3.0.tgz",
            "integrity": "sha512-hdN1wVrZbb29eBGiGjJbeP8JbKjq1urkHJ/LIP/NY48MZ1QVXUsQBV1G1zvYFHn1XE06cwjBsOI2K3Ulnj1YXQ==",
            "engines": {
                "node": ">=8"
            },
            "funding": {
                "url": "https://github.com/sponsors/sindresorhus"
            }
        },
        "node_modules/maxmind": {
            "version": "4.3.4",
            "resolved": "https://registry.npmjs.org/maxmind/-/maxmind-4.3.4.tgz",
            "integrity": "sha512-HO7rYLTU4YxiHDOIqMHkr/Hte5y3i9a6E93z67eHD54rmMb6CcrazkcWIFfbIBQ+QJ23TMapD38jiOBYgozE1w==",
            "dependencies": {
                "mmdb-lib": "2.0.1",
                "tiny-lru": "7.0.6"
            },
            "engines": {
                "node": ">=10",
                "npm": ">=6"
            }
        },
        "node_modules/mmdb-lib": {
            "version": "2.0.1",
            "resolved": "https://registry.npmjs.org/mmdb-lib/-/mmdb-lib-2.0.1.tgz",
            "integrity": "sha512-wyc188Vdaxi24nCf4S8tbdgs+0VBhOUAcNZ81gnPpd8zT54IhvW+Mvif0OZ7Et5Sm5zWaH8iyuhEj8h5MXiWmA==",
            "engines": {
                "node": ">=10",
                "npm": ">=6"
            }
        },
        "node_modules/mustache": {
            "version": "4.2.0",
            "resolved": "https://registry.npmjs.org/mustache/-/mustache-4.2.0.tgz",
            "integrity": "sha512-71ippSywq5Yb7/tVYyGbkBggbU8H3u5Rz56fH60jGFgr8uHwxs+aSKeqmluIVzM0m0kB7xQjKS6qPfd0b2ZoqQ==",
            "bin": {
                "mustache": "bin/mustache"
            }
        },
        "node_modules/near-api-js": {
            "version": "0.44.2",
            "resolved": "https://registry.npmjs.org/near-api-js/-/near-api-js-0.44.2.tgz",
            "integrity": "sha512-eMnc4V+geggapEUa3nU2p8HSHn/njtloI4P2mceHQWO8vDE1NGpnAw8FuTBrLmXSgIv9m6oocgFc9t3VNf5zwg==",
            "dependencies": {
                "bn.js": "5.2.0",
                "borsh": "^0.6.0",
                "bs58": "^4.0.0",
                "depd": "^2.0.0",
                "error-polyfill": "^0.1.3",
                "http-errors": "^1.7.2",
                "js-sha256": "^0.9.0",
                "mustache": "^4.0.0",
                "node-fetch": "^2.6.1",
                "text-encoding-utf-8": "^1.0.2",
                "tweetnacl": "^1.0.1"
            }
        },
        "node_modules/node-fetch": {
            "version": "2.6.7",
            "resolved": "https://registry.npmjs.org/node-fetch/-/node-fetch-2.6.7.tgz",
            "integrity": "sha512-ZjMPFEfVx5j+y2yF35Kzx5sF7kDzxuDj6ziH4FFbOp87zKDZNx8yExJIb05OGF4Nlt9IHFIMBkRl41VdvcNdbQ==",
            "dependencies": {
                "whatwg-url": "^5.0.0"
            },
            "engines": {
                "node": "4.x || >=6.0.0"
            },
            "peerDependencies": {
                "encoding": "^0.1.0"
            },
            "peerDependenciesMeta": {
                "encoding": {
                    "optional": true
                }
            }
        },
        "node_modules/o3": {
            "version": "1.0.3",
            "resolved": "https://registry.npmjs.org/o3/-/o3-1.0.3.tgz",
            "integrity": "sha1-GSzod6iC36Z1HwQSqGX6+y2h2sA=",
            "dependencies": {
                "capability": "^0.2.5"
            }
        },
        "node_modules/object-inspect": {
            "version": "1.12.0",
            "resolved": "https://registry.npmjs.org/object-inspect/-/object-inspect-1.12.0.tgz",
            "integrity": "sha512-Ho2z80bVIvJloH+YzRmpZVQe87+qASmBUKZDWgx9cu+KDrX2ZDH/3tMy+gXbZETVGs2M8YdxObOh7XAtim9Y0g==",
            "funding": {
                "url": "https://github.com/sponsors/ljharb"
            }
        },
        "node_modules/path-key": {
            "version": "3.1.1",
            "resolved": "https://registry.npmjs.org/path-key/-/path-key-3.1.1.tgz",
            "integrity": "sha512-ojmeN0qd+y0jszEtoY48r0Peq5dwMEkIlCOu6Q5f41lfkswXuKtYrhgoTpLnyIcHm24Uhqx+5Tqm2InSwLhE6Q==",
            "engines": {
                "node": ">=8"
            }
        },
        "node_modules/qs": {
            "version": "6.10.3",
            "resolved": "https://registry.npmjs.org/qs/-/qs-6.10.3.tgz",
            "integrity": "sha512-wr7M2E0OFRfIfJZjKGieI8lBKb7fRCH4Fv5KNPEs7gJ8jadvotdsS08PzOKR7opXhZ/Xkjtt3WF9g38drmyRqQ==",
            "dependencies": {
                "side-channel": "^1.0.4"
            },
            "engines": {
                "node": ">=0.6"
            },
            "funding": {
                "url": "https://github.com/sponsors/ljharb"
            }
        },
        "node_modules/quick-lru": {
            "version": "5.1.1",
            "resolved": "https://registry.npmjs.org/quick-lru/-/quick-lru-5.1.1.tgz",
            "integrity": "sha512-WuyALRjWPDGtt/wzJiadO5AXY+8hZ80hVpe6MyivgraREW751X3SbhRvG3eLKOYN+8VEvqLcf3wdnt44Z4S4SA==",
            "engines": {
                "node": ">=10"
            },
            "funding": {
                "url": "https://github.com/sponsors/sindresorhus"
            }
        },
        "node_modules/safe-buffer": {
            "version": "5.2.1",
            "resolved": "https://registry.npmjs.org/safe-buffer/-/safe-buffer-5.2.1.tgz",
            "integrity": "sha512-rp3So07KcdmmKbGvgaNxQSJr7bGVSVk5S9Eq1F+ppbRo70+YeaDxkw5Dd8NPN+GD6bjnYm2VuPuCXmpuYvmCXQ==",
            "funding": [
                {
                    "type": "github",
                    "url": "https://github.com/sponsors/feross"
                },
                {
                    "type": "patreon",
                    "url": "https://www.patreon.com/feross"
                },
                {
                    "type": "consulting",
                    "url": "https://feross.org/support"
                }
            ]
        },
        "node_modules/setprototypeof": {
            "version": "1.2.0",
            "resolved": "https://registry.npmjs.org/setprototypeof/-/setprototypeof-1.2.0.tgz",
            "integrity": "sha512-E5LDX7Wrp85Kil5bhZv46j8jOeboKq5JMmYM3gVGdGH8xFpPWXUMsNrlODCrkoxMEeNi/XZIwuRvY4XNwYMJpw=="
        },
        "node_modules/shebang-command": {
            "version": "2.0.0",
            "resolved": "https://registry.npmjs.org/shebang-command/-/shebang-command-2.0.0.tgz",
            "integrity": "sha512-kHxr2zZpYtdmrN1qDjrrX/Z1rR1kG8Dx+gkpK1G4eXmvXswmcE1hTWBWYUzlraYw1/yZp6YuDY77YtvbN0dmDA==",
            "dependencies": {
                "shebang-regex": "^3.0.0"
            },
            "engines": {
                "node": ">=8"
            }
        },
        "node_modules/shebang-regex": {
            "version": "3.0.0",
            "resolved": "https://registry.npmjs.org/shebang-regex/-/shebang-regex-3.0.0.tgz",
            "integrity": "sha512-7++dFhtcx3353uBaq8DDR4NuxBetBzC7ZQOhmTQInHEd6bSrXdiEyzCvG07Z44UYdLShWUyXt5M/yhz8ekcb1A==",
            "engines": {
                "node": ">=8"
            }
        },
        "node_modules/side-channel": {
            "version": "1.0.4",
            "resolved": "https://registry.npmjs.org/side-channel/-/side-channel-1.0.4.tgz",
            "integrity": "sha512-q5XPytqFEIKHkGdiMIrY10mvLRvnQh42/+GoBlFW3b2LXLE2xxJpZFdm94we0BaoV3RwJyGqg5wS7epxTv0Zvw==",
            "dependencies": {
                "call-bind": "^1.0.0",
                "get-intrinsic": "^1.0.2",
                "object-inspect": "^1.9.0"
            },
            "funding": {
                "url": "https://github.com/sponsors/ljharb"
            }
        },
        "node_modules/statuses": {
            "version": "1.5.0",
            "resolved": "https://registry.npmjs.org/statuses/-/statuses-1.5.0.tgz",
            "integrity": "sha1-Fhx9rBd2Wf2YEfQ3cfqZOBR4Yow=",
            "engines": {
                "node": ">= 0.6"
            }
        },
        "node_modules/text-encoding-utf-8": {
            "version": "1.0.2",
            "resolved": "https://registry.npmjs.org/text-encoding-utf-8/-/text-encoding-utf-8-1.0.2.tgz",
            "integrity": "sha512-8bw4MY9WjdsD2aMtO0OzOCY3pXGYNx2d2FfHRVUKkiCPDWjKuOlhLVASS+pD7VkLTVjW268LYJHwsnPFlBpbAg=="
        },
        "node_modules/time-stamp": {
            "version": "2.2.0",
            "resolved": "https://registry.npmjs.org/time-stamp/-/time-stamp-2.2.0.tgz",
            "integrity": "sha512-zxke8goJQpBeEgD82CXABeMh0LSJcj7CXEd0OHOg45HgcofF7pxNwZm9+RknpxpDhwN4gFpySkApKfFYfRQnUA==",
            "engines": {
                "node": ">=0.10.0"
            }
        },
        "node_modules/tiny-lru": {
            "version": "7.0.6",
            "resolved": "https://registry.npmjs.org/tiny-lru/-/tiny-lru-7.0.6.tgz",
            "integrity": "sha512-zNYO0Kvgn5rXzWpL0y3RS09sMK67eGaQj9805jlK9G6pSadfriTczzLHFXa/xcW4mIRfmlB9HyQ/+SgL0V1uow==",
            "engines": {
                "node": ">=6"
            }
        },
        "node_modules/toidentifier": {
            "version": "1.0.1",
            "resolved": "https://registry.npmjs.org/toidentifier/-/toidentifier-1.0.1.tgz",
            "integrity": "sha512-o5sSPKEkg/DIQNmH43V0/uerLrpzVedkUh8tGNvaeXpfpuwjKenlSox/2O/BTlZUtEe+JG7s5YhEz608PlAHRA==",
            "engines": {
                "node": ">=0.6"
            }
        },
        "node_modules/tr46": {
            "version": "0.0.3",
            "resolved": "https://registry.npmjs.org/tr46/-/tr46-0.0.3.tgz",
            "integrity": "sha1-gYT9NH2snNwYWZLzpmIuFLnZq2o="
        },
        "node_modules/tweetnacl": {
            "version": "1.0.3",
            "resolved": "https://registry.npmjs.org/tweetnacl/-/tweetnacl-1.0.3.tgz",
            "integrity": "sha512-6rt+RN7aOi1nGMyC4Xa5DdYiukl2UWCbcJft7YhxReBGQD7OAM8Pbxw6YMo4r2diNEA8FEmu32YOn9rhaiE5yw=="
        },
        "node_modules/type-fest": {
            "version": "1.4.0",
            "resolved": "https://registry.npmjs.org/type-fest/-/type-fest-1.4.0.tgz",
            "integrity": "sha512-yGSza74xk0UG8k+pLh5oeoYirvIiWo5t0/o3zHHAO2tRDiZcxWP7fywNlXhqb6/r6sWvwi+RsyQMWhVLe4BVuA==",
            "engines": {
                "node": ">=10"
            },
            "funding": {
                "url": "https://github.com/sponsors/sindresorhus"
            }
        },
        "node_modules/u3": {
            "version": "0.1.1",
            "resolved": "https://registry.npmjs.org/u3/-/u3-0.1.1.tgz",
            "integrity": "sha512-+J5D5ir763y+Am/QY6hXNRlwljIeRMZMGs0cT6qqZVVzzT3X3nFPXVyPOFRMOR4kupB0T8JnCdpWdp6Q/iXn3w=="
        },
        "node_modules/verror": {
            "version": "1.10.0",
            "resolved": "https://registry.npmjs.org/verror/-/verror-1.10.0.tgz",
            "integrity": "sha1-OhBcoXBTr1XW4nDB+CiGguGNpAA=",
            "engines": [
                "node >=0.6.0"
            ],
            "dependencies": {
                "assert-plus": "^1.0.0",
                "core-util-is": "1.0.2",
                "extsprintf": "^1.2.0"
            }
        },
        "node_modules/webidl-conversions": {
            "version": "3.0.1",
            "resolved": "https://registry.npmjs.org/webidl-conversions/-/webidl-conversions-3.0.1.tgz",
            "integrity": "sha1-JFNCdeKnvGvnvIZhHMFq4KVlSHE="
        },
        "node_modules/whatwg-url": {
            "version": "5.0.0",
            "resolved": "https://registry.npmjs.org/whatwg-url/-/whatwg-url-5.0.0.tgz",
            "integrity": "sha1-lmRU6HZUYuN2RNNib2dCzotwll0=",
            "dependencies": {
                "tr46": "~0.0.3",
                "webidl-conversions": "^3.0.0"
            }
        },
        "node_modules/which": {
            "version": "2.0.2",
            "resolved": "https://registry.npmjs.org/which/-/which-2.0.2.tgz",
            "integrity": "sha512-BLI3Tl1TW3Pvl70l3yq3Y64i+awpwXqsGBYWkkqMtnbXgrMD+yj7rhW0kuEDxzJaYXGjEW5ogapKNMEKNMjibA==",
            "dependencies": {
                "isexe": "^2.0.0"
            },
            "bin": {
                "node-which": "bin/node-which"
            },
            "engines": {
                "node": ">= 8"
            }
        }
    },
    "dependencies": {
        "@maxmind/geoip2-node": {
            "version": "3.4.0",
            "resolved": "https://registry.npmjs.org/@maxmind/geoip2-node/-/geoip2-node-3.4.0.tgz",
            "integrity": "sha512-XBB+IJSXQRXXHBvwULZu2nOYAPuC0pc77xw/xkDo0cWkBO/L2rUMr+xKGZwj47mFBEiG6tnTMBzxJajEJTrKAg==",
            "requires": {
                "camelcase-keys": "^7.0.0",
                "ip6addr": "^0.2.5",
                "lodash.set": "^4.3.2",
                "maxmind": "^4.2.0"
            }
        },
        "assert-plus": {
            "version": "1.0.0",
            "resolved": "https://registry.npmjs.org/assert-plus/-/assert-plus-1.0.0.tgz",
            "integrity": "sha1-8S4PPF13sLHN2RRpQuTpbB5N1SU="
        },
        "axios": {
            "version": "0.24.0",
            "resolved": "https://registry.npmjs.org/axios/-/axios-0.24.0.tgz",
            "integrity": "sha512-Q6cWsys88HoPgAaFAVUb0WpPk0O8iTeisR9IMqy9G8AbO4NlpVknrnQS03zzF9PGAWgO3cgletO3VjV/P7VztA==",
            "requires": {
                "follow-redirects": "^1.14.4"
            }
        },
        "axios-rate-limit": {
            "version": "1.3.0",
            "resolved": "https://registry.npmjs.org/axios-rate-limit/-/axios-rate-limit-1.3.0.tgz",
            "integrity": "sha512-cKR5wTbU/CeeyF1xVl5hl6FlYsmzDVqxlN4rGtfO5x7J83UxKDckudsW0yW21/ZJRcO0Qrfm3fUFbhEbWTLayw==",
            "requires": {}
        },
        "base-x": {
            "version": "3.0.9",
            "resolved": "https://registry.npmjs.org/base-x/-/base-x-3.0.9.tgz",
            "integrity": "sha512-H7JU6iBHTal1gp56aKoaa//YUxEaAOUiydvrV/pILqIHXTtqxSkATOnDA2u+jZ/61sD+L/412+7kzXRtWukhpQ==",
            "requires": {
                "safe-buffer": "^5.0.1"
            }
        },
        "bignumber.js": {
            "version": "9.0.2",
            "resolved": "https://registry.npmjs.org/bignumber.js/-/bignumber.js-9.0.2.tgz",
            "integrity": "sha512-GAcQvbpsM0pUb0zw1EI0KhQEZ+lRwR5fYaAp3vPOYuP7aDvGy6cVN6XHLauvF8SOga2y0dcLcjt3iQDTSEliyw=="
        },
        "bn.js": {
            "version": "5.2.0",
            "resolved": "https://registry.npmjs.org/bn.js/-/bn.js-5.2.0.tgz",
            "integrity": "sha512-D7iWRBvnZE8ecXiLj/9wbxH7Tk79fAh8IHaTNq1RWRixsS02W+5qS+iE9yq6RYl0asXx5tw0bLhmT5pIfbSquw=="
        },
        "borsh": {
            "version": "0.6.0",
            "resolved": "https://registry.npmjs.org/borsh/-/borsh-0.6.0.tgz",
            "integrity": "sha512-sl5k89ViqsThXQpYa9XDtz1sBl3l1lI313cFUY1HKr+wvMILnb+58xpkqTNrYbelh99dY7K8usxoCusQmqix9Q==",
            "requires": {
                "bn.js": "^5.2.0",
                "bs58": "^4.0.0",
                "text-encoding-utf-8": "^1.0.2"
            }
        },
        "bs58": {
            "version": "4.0.1",
            "resolved": "https://registry.npmjs.org/bs58/-/bs58-4.0.1.tgz",
            "integrity": "sha1-vhYedsNU9veIrkBx9j806MTwpCo=",
            "requires": {
                "base-x": "^3.0.2"
            }
        },
        "call-bind": {
            "version": "1.0.2",
            "resolved": "https://registry.npmjs.org/call-bind/-/call-bind-1.0.2.tgz",
            "integrity": "sha512-7O+FbCihrB5WGbFYesctwmTKae6rOiIzmz1icreWJ+0aA7LJfuqhEso2T9ncpcFtzMQtzXf2QGGueWJGTYsqrA==",
            "requires": {
                "function-bind": "^1.1.1",
                "get-intrinsic": "^1.0.2"
            }
        },
        "camelcase": {
            "version": "6.3.0",
            "resolved": "https://registry.npmjs.org/camelcase/-/camelcase-6.3.0.tgz",
            "integrity": "sha512-Gmy6FhYlCY7uOElZUSbxo2UCDH8owEk996gkbrpsgGtrJLM3J7jGxl9Ic7Qwwj4ivOE5AWZWRMecDdF7hqGjFA=="
        },
        "camelcase-keys": {
            "version": "7.0.1",
            "resolved": "https://registry.npmjs.org/camelcase-keys/-/camelcase-keys-7.0.1.tgz",
            "integrity": "sha512-P331lEls98pW8JLyodNWfzuz91BEDVA4VpW2/SwXnyv2K495tq1N777xzDbFgnEigfA7UIY0xa6PwR/H9jijjA==",
            "requires": {
                "camelcase": "^6.2.0",
                "map-obj": "^4.1.0",
                "quick-lru": "^5.1.1",
                "type-fest": "^1.2.1"
            }
        },
        "capability": {
            "version": "0.2.5",
            "resolved": "https://registry.npmjs.org/capability/-/capability-0.2.5.tgz",
            "integrity": "sha1-Ua2HNT8ZNv/Xfy8hx0YzpN6oiAE="
        },
        "coinmarketcap-api": {
            "version": "3.1.1",
            "resolved": "https://registry.npmjs.org/coinmarketcap-api/-/coinmarketcap-api-3.1.1.tgz",
            "integrity": "sha512-fXTJq3YyiI54m9W0T5CwxQAKEpZqXRZdKbb10Zld/vINfdM83Y8so+m6RVWoJktl8tMIAxCtkVVC5aGwSs1keQ==",
            "requires": {
                "node-fetch": "^2.6.0",
                "qs": "^6.7.0"
            }
        },
        "commander": {
            "version": "4.1.1",
            "resolved": "https://registry.npmjs.org/commander/-/commander-4.1.1.tgz",
            "integrity": "sha512-NOKm8xhkzAjzFx8B2v5OAHT+u5pRQc2UCa2Vq9jYL/31o2wi9mxBA7LIFs3sV5VSC49z6pEhfbMULvShKj26WA=="
        },
        "core-util-is": {
            "version": "1.0.2",
            "resolved": "https://registry.npmjs.org/core-util-is/-/core-util-is-1.0.2.tgz",
            "integrity": "sha1-tf1UIgqivFq1eqtxQMlAdUUDwac="
        },
        "cross-spawn": {
            "version": "7.0.3",
            "resolved": "https://registry.npmjs.org/cross-spawn/-/cross-spawn-7.0.3.tgz",
            "integrity": "sha512-iRDPJKUPVEND7dHPO8rkbOnPpyDygcDFtWjpeWNCgy8WP2rXcxXL8TskReQl6OrB2G7+UJrags1q15Fudc7G6w==",
            "requires": {
                "path-key": "^3.1.0",
                "shebang-command": "^2.0.0",
                "which": "^2.0.1"
            }
        },
        "depd": {
            "version": "2.0.0",
            "resolved": "https://registry.npmjs.org/depd/-/depd-2.0.0.tgz",
            "integrity": "sha512-g7nH6P6dyDioJogAAGprGpCtVImJhpPk/roCzdb3fIh61/s/nPsfR6onyMwkCAR/OlC3yBC0lESvUoQEAssIrw=="
        },
        "env-cmd": {
            "version": "10.1.0",
            "resolved": "https://registry.npmjs.org/env-cmd/-/env-cmd-10.1.0.tgz",
            "integrity": "sha512-mMdWTT9XKN7yNth/6N6g2GuKuJTsKMDHlQFUDacb/heQRRWOTIZ42t1rMHnQu4jYxU1ajdTeJM+9eEETlqToMA==",
            "requires": {
                "commander": "^4.0.0",
                "cross-spawn": "^7.0.0"
            }
        },
        "error-polyfill": {
            "version": "0.1.3",
            "resolved": "https://registry.npmjs.org/error-polyfill/-/error-polyfill-0.1.3.tgz",
            "integrity": "sha512-XHJk60ufE+TG/ydwp4lilOog549iiQF2OAPhkk9DdiYWMrltz5yhDz/xnKuenNwP7gy3dsibssO5QpVhkrSzzg==",
            "requires": {
                "capability": "^0.2.5",
                "o3": "^1.0.3",
                "u3": "^0.1.1"
            }
        },
        "extsprintf": {
            "version": "1.3.0",
            "resolved": "https://registry.npmjs.org/extsprintf/-/extsprintf-1.3.0.tgz",
            "integrity": "sha1-lpGEQOMEGnpBT4xS48V06zw+HgU="
        },
        "follow-redirects": {
            "version": "1.14.7",
            "resolved": "https://registry.npmjs.org/follow-redirects/-/follow-redirects-1.14.7.tgz",
            "integrity": "sha512-+hbxoLbFMbRKDwohX8GkTataGqO6Jb7jGwpAlwgy2bIz25XtRm7KEzJM76R1WiNT5SwZkX4Y75SwBolkpmE7iQ=="
        },
        "function-bind": {
            "version": "1.1.1",
            "resolved": "https://registry.npmjs.org/function-bind/-/function-bind-1.1.1.tgz",
            "integrity": "sha512-yIovAzMX49sF8Yl58fSCWJ5svSLuaibPxXQJFLmBObTuCr0Mf1KiPopGM9NiFjiYBCbfaa2Fh6breQ6ANVTI0A=="
        },
        "get-intrinsic": {
            "version": "1.1.1",
            "resolved": "https://registry.npmjs.org/get-intrinsic/-/get-intrinsic-1.1.1.tgz",
            "integrity": "sha512-kWZrnVM42QCiEA2Ig1bG8zjoIMOgxWwYCEeNdwY6Tv/cOSeGpcoX4pXHfKUxNKVoArnrEr2e9srnAxxGIraS9Q==",
            "requires": {
                "function-bind": "^1.1.1",
                "has": "^1.0.3",
                "has-symbols": "^1.0.1"
            }
        },
        "has": {
            "version": "1.0.3",
            "resolved": "https://registry.npmjs.org/has/-/has-1.0.3.tgz",
            "integrity": "sha512-f2dvO0VU6Oej7RkWJGrehjbzMAjFp5/VKPp5tTpWIV4JHHZK1/BxbFRtf/siA2SWTe09caDmVtYYzWEIbBS4zw==",
            "requires": {
                "function-bind": "^1.1.1"
            }
        },
        "has-symbols": {
            "version": "1.0.2",
            "resolved": "https://registry.npmjs.org/has-symbols/-/has-symbols-1.0.2.tgz",
            "integrity": "sha512-chXa79rL/UC2KlX17jo3vRGz0azaWEx5tGqZg5pO3NUyEJVB17dMruQlzCCOfUvElghKcm5194+BCRvi2Rv/Gw=="
        },
        "http-errors": {
            "version": "1.8.1",
            "resolved": "https://registry.npmjs.org/http-errors/-/http-errors-1.8.1.tgz",
            "integrity": "sha512-Kpk9Sm7NmI+RHhnj6OIWDI1d6fIoFAtFt9RLaTMRlg/8w49juAStsrBgp0Dp4OdxdVbRIeKhtCUvoi/RuAhO4g==",
            "requires": {
                "depd": "~1.1.2",
                "inherits": "2.0.4",
                "setprototypeof": "1.2.0",
                "statuses": ">= 1.5.0 < 2",
                "toidentifier": "1.0.1"
            },
            "dependencies": {
                "depd": {
                    "version": "1.1.2",
                    "resolved": "https://registry.npmjs.org/depd/-/depd-1.1.2.tgz",
                    "integrity": "sha1-m81S4UwJd2PnSbJ0xDRu0uVgtak="
                }
            }
        },
        "inherits": {
            "version": "2.0.4",
            "resolved": "https://registry.npmjs.org/inherits/-/inherits-2.0.4.tgz",
            "integrity": "sha512-k/vGaX4/Yla3WzyMCvTQOXYeIHvqOKtnqBduzTHpzpQZzAskKMhZ2K+EnBiSM9zGSoIFeMpXKxa4dYeZIQqewQ=="
        },
        "ip6addr": {
            "version": "0.2.5",
            "resolved": "https://registry.npmjs.org/ip6addr/-/ip6addr-0.2.5.tgz",
            "integrity": "sha512-9RGGSB6Zc9Ox5DpDGFnJdIeF0AsqXzdH+FspCfPPaU/L/4tI6P+5lIoFUFm9JXs9IrJv1boqAaNCQmoDADTSKQ==",
            "requires": {
                "assert-plus": "^1.0.0",
                "jsprim": "^2.0.2"
            }
        },
        "isexe": {
            "version": "2.0.0",
            "resolved": "https://registry.npmjs.org/isexe/-/isexe-2.0.0.tgz",
            "integrity": "sha1-6PvzdNxVb/iUehDcsFctYz8s+hA="
        },
        "js-sha256": {
            "version": "0.9.0",
            "resolved": "https://registry.npmjs.org/js-sha256/-/js-sha256-0.9.0.tgz",
            "integrity": "sha512-sga3MHh9sgQN2+pJ9VYZ+1LPwXOxuBJBA5nrR5/ofPfuiJBE2hnjsaN8se8JznOmGLN2p49Pe5U/ttafcs/apA=="
        },
        "json-schema": {
            "version": "0.4.0",
            "resolved": "https://registry.npmjs.org/json-schema/-/json-schema-0.4.0.tgz",
            "integrity": "sha512-es94M3nTIfsEPisRafak+HDLfHXnKBhV3vU5eqPcS3flIWqcxJWgXHXiey3YrpaNsanY5ei1VoYEbOzijuq9BA=="
        },
        "jsprim": {
            "version": "2.0.2",
            "resolved": "https://registry.npmjs.org/jsprim/-/jsprim-2.0.2.tgz",
            "integrity": "sha512-gqXddjPqQ6G40VdnI6T6yObEC+pDNvyP95wdQhkWkg7crHH3km5qP1FsOXEkzEQwnz6gz5qGTn1c2Y52wP3OyQ==",
            "requires": {
                "assert-plus": "1.0.0",
                "extsprintf": "1.3.0",
                "json-schema": "0.4.0",
                "verror": "1.10.0"
            }
        },
        "lodash.set": {
            "version": "4.3.2",
            "resolved": "https://registry.npmjs.org/lodash.set/-/lodash.set-4.3.2.tgz",
            "integrity": "sha1-2HV7HagH3eJIFrDWqEvqGnYjCyM="
        },
        "map-obj": {
            "version": "4.3.0",
            "resolved": "https://registry.npmjs.org/map-obj/-/map-obj-4.3.0.tgz",
            "integrity": "sha512-hdN1wVrZbb29eBGiGjJbeP8JbKjq1urkHJ/LIP/NY48MZ1QVXUsQBV1G1zvYFHn1XE06cwjBsOI2K3Ulnj1YXQ=="
        },
        "maxmind": {
            "version": "4.3.4",
            "resolved": "https://registry.npmjs.org/maxmind/-/maxmind-4.3.4.tgz",
            "integrity": "sha512-HO7rYLTU4YxiHDOIqMHkr/Hte5y3i9a6E93z67eHD54rmMb6CcrazkcWIFfbIBQ+QJ23TMapD38jiOBYgozE1w==",
            "requires": {
                "mmdb-lib": "2.0.1",
                "tiny-lru": "7.0.6"
            }
        },
        "mmdb-lib": {
            "version": "2.0.1",
            "resolved": "https://registry.npmjs.org/mmdb-lib/-/mmdb-lib-2.0.1.tgz",
            "integrity": "sha512-wyc188Vdaxi24nCf4S8tbdgs+0VBhOUAcNZ81gnPpd8zT54IhvW+Mvif0OZ7Et5Sm5zWaH8iyuhEj8h5MXiWmA=="
        },
        "mustache": {
            "version": "4.2.0",
            "resolved": "https://registry.npmjs.org/mustache/-/mustache-4.2.0.tgz",
            "integrity": "sha512-71ippSywq5Yb7/tVYyGbkBggbU8H3u5Rz56fH60jGFgr8uHwxs+aSKeqmluIVzM0m0kB7xQjKS6qPfd0b2ZoqQ=="
        },
        "near-api-js": {
            "version": "0.44.2",
            "resolved": "https://registry.npmjs.org/near-api-js/-/near-api-js-0.44.2.tgz",
            "integrity": "sha512-eMnc4V+geggapEUa3nU2p8HSHn/njtloI4P2mceHQWO8vDE1NGpnAw8FuTBrLmXSgIv9m6oocgFc9t3VNf5zwg==",
            "requires": {
                "bn.js": "5.2.0",
                "borsh": "^0.6.0",
                "bs58": "^4.0.0",
                "depd": "^2.0.0",
                "error-polyfill": "^0.1.3",
                "http-errors": "^1.7.2",
                "js-sha256": "^0.9.0",
                "mustache": "^4.0.0",
                "node-fetch": "^2.6.1",
                "text-encoding-utf-8": "^1.0.2",
                "tweetnacl": "^1.0.1"
            }
        },
        "node-fetch": {
            "version": "2.6.7",
            "resolved": "https://registry.npmjs.org/node-fetch/-/node-fetch-2.6.7.tgz",
            "integrity": "sha512-ZjMPFEfVx5j+y2yF35Kzx5sF7kDzxuDj6ziH4FFbOp87zKDZNx8yExJIb05OGF4Nlt9IHFIMBkRl41VdvcNdbQ==",
            "requires": {
                "whatwg-url": "^5.0.0"
            }
        },
        "o3": {
            "version": "1.0.3",
            "resolved": "https://registry.npmjs.org/o3/-/o3-1.0.3.tgz",
            "integrity": "sha1-GSzod6iC36Z1HwQSqGX6+y2h2sA=",
            "requires": {
                "capability": "^0.2.5"
            }
        },
        "object-inspect": {
            "version": "1.12.0",
            "resolved": "https://registry.npmjs.org/object-inspect/-/object-inspect-1.12.0.tgz",
            "integrity": "sha512-Ho2z80bVIvJloH+YzRmpZVQe87+qASmBUKZDWgx9cu+KDrX2ZDH/3tMy+gXbZETVGs2M8YdxObOh7XAtim9Y0g=="
        },
        "path-key": {
            "version": "3.1.1",
            "resolved": "https://registry.npmjs.org/path-key/-/path-key-3.1.1.tgz",
            "integrity": "sha512-ojmeN0qd+y0jszEtoY48r0Peq5dwMEkIlCOu6Q5f41lfkswXuKtYrhgoTpLnyIcHm24Uhqx+5Tqm2InSwLhE6Q=="
        },
        "qs": {
            "version": "6.10.3",
            "resolved": "https://registry.npmjs.org/qs/-/qs-6.10.3.tgz",
            "integrity": "sha512-wr7M2E0OFRfIfJZjKGieI8lBKb7fRCH4Fv5KNPEs7gJ8jadvotdsS08PzOKR7opXhZ/Xkjtt3WF9g38drmyRqQ==",
            "requires": {
                "side-channel": "^1.0.4"
            }
        },
        "quick-lru": {
            "version": "5.1.1",
            "resolved": "https://registry.npmjs.org/quick-lru/-/quick-lru-5.1.1.tgz",
            "integrity": "sha512-WuyALRjWPDGtt/wzJiadO5AXY+8hZ80hVpe6MyivgraREW751X3SbhRvG3eLKOYN+8VEvqLcf3wdnt44Z4S4SA=="
        },
        "safe-buffer": {
            "version": "5.2.1",
            "resolved": "https://registry.npmjs.org/safe-buffer/-/safe-buffer-5.2.1.tgz",
            "integrity": "sha512-rp3So07KcdmmKbGvgaNxQSJr7bGVSVk5S9Eq1F+ppbRo70+YeaDxkw5Dd8NPN+GD6bjnYm2VuPuCXmpuYvmCXQ=="
        },
        "setprototypeof": {
            "version": "1.2.0",
            "resolved": "https://registry.npmjs.org/setprototypeof/-/setprototypeof-1.2.0.tgz",
            "integrity": "sha512-E5LDX7Wrp85Kil5bhZv46j8jOeboKq5JMmYM3gVGdGH8xFpPWXUMsNrlODCrkoxMEeNi/XZIwuRvY4XNwYMJpw=="
        },
        "shebang-command": {
            "version": "2.0.0",
            "resolved": "https://registry.npmjs.org/shebang-command/-/shebang-command-2.0.0.tgz",
            "integrity": "sha512-kHxr2zZpYtdmrN1qDjrrX/Z1rR1kG8Dx+gkpK1G4eXmvXswmcE1hTWBWYUzlraYw1/yZp6YuDY77YtvbN0dmDA==",
            "requires": {
                "shebang-regex": "^3.0.0"
            }
        },
        "shebang-regex": {
            "version": "3.0.0",
            "resolved": "https://registry.npmjs.org/shebang-regex/-/shebang-regex-3.0.0.tgz",
            "integrity": "sha512-7++dFhtcx3353uBaq8DDR4NuxBetBzC7ZQOhmTQInHEd6bSrXdiEyzCvG07Z44UYdLShWUyXt5M/yhz8ekcb1A=="
        },
        "side-channel": {
            "version": "1.0.4",
            "resolved": "https://registry.npmjs.org/side-channel/-/side-channel-1.0.4.tgz",
            "integrity": "sha512-q5XPytqFEIKHkGdiMIrY10mvLRvnQh42/+GoBlFW3b2LXLE2xxJpZFdm94we0BaoV3RwJyGqg5wS7epxTv0Zvw==",
            "requires": {
                "call-bind": "^1.0.0",
                "get-intrinsic": "^1.0.2",
                "object-inspect": "^1.9.0"
            }
        },
        "statuses": {
            "version": "1.5.0",
            "resolved": "https://registry.npmjs.org/statuses/-/statuses-1.5.0.tgz",
            "integrity": "sha1-Fhx9rBd2Wf2YEfQ3cfqZOBR4Yow="
        },
        "text-encoding-utf-8": {
            "version": "1.0.2",
            "resolved": "https://registry.npmjs.org/text-encoding-utf-8/-/text-encoding-utf-8-1.0.2.tgz",
            "integrity": "sha512-8bw4MY9WjdsD2aMtO0OzOCY3pXGYNx2d2FfHRVUKkiCPDWjKuOlhLVASS+pD7VkLTVjW268LYJHwsnPFlBpbAg=="
        },
        "time-stamp": {
            "version": "2.2.0",
            "resolved": "https://registry.npmjs.org/time-stamp/-/time-stamp-2.2.0.tgz",
            "integrity": "sha512-zxke8goJQpBeEgD82CXABeMh0LSJcj7CXEd0OHOg45HgcofF7pxNwZm9+RknpxpDhwN4gFpySkApKfFYfRQnUA=="
        },
        "tiny-lru": {
            "version": "7.0.6",
            "resolved": "https://registry.npmjs.org/tiny-lru/-/tiny-lru-7.0.6.tgz",
            "integrity": "sha512-zNYO0Kvgn5rXzWpL0y3RS09sMK67eGaQj9805jlK9G6pSadfriTczzLHFXa/xcW4mIRfmlB9HyQ/+SgL0V1uow=="
        },
        "toidentifier": {
            "version": "1.0.1",
            "resolved": "https://registry.npmjs.org/toidentifier/-/toidentifier-1.0.1.tgz",
            "integrity": "sha512-o5sSPKEkg/DIQNmH43V0/uerLrpzVedkUh8tGNvaeXpfpuwjKenlSox/2O/BTlZUtEe+JG7s5YhEz608PlAHRA=="
        },
        "tr46": {
            "version": "0.0.3",
            "resolved": "https://registry.npmjs.org/tr46/-/tr46-0.0.3.tgz",
            "integrity": "sha1-gYT9NH2snNwYWZLzpmIuFLnZq2o="
        },
        "tweetnacl": {
            "version": "1.0.3",
            "resolved": "https://registry.npmjs.org/tweetnacl/-/tweetnacl-1.0.3.tgz",
            "integrity": "sha512-6rt+RN7aOi1nGMyC4Xa5DdYiukl2UWCbcJft7YhxReBGQD7OAM8Pbxw6YMo4r2diNEA8FEmu32YOn9rhaiE5yw=="
        },
        "type-fest": {
            "version": "1.4.0",
            "resolved": "https://registry.npmjs.org/type-fest/-/type-fest-1.4.0.tgz",
            "integrity": "sha512-yGSza74xk0UG8k+pLh5oeoYirvIiWo5t0/o3zHHAO2tRDiZcxWP7fywNlXhqb6/r6sWvwi+RsyQMWhVLe4BVuA=="
        },
        "u3": {
            "version": "0.1.1",
            "resolved": "https://registry.npmjs.org/u3/-/u3-0.1.1.tgz",
            "integrity": "sha512-+J5D5ir763y+Am/QY6hXNRlwljIeRMZMGs0cT6qqZVVzzT3X3nFPXVyPOFRMOR4kupB0T8JnCdpWdp6Q/iXn3w=="
        },
        "verror": {
            "version": "1.10.0",
            "resolved": "https://registry.npmjs.org/verror/-/verror-1.10.0.tgz",
            "integrity": "sha1-OhBcoXBTr1XW4nDB+CiGguGNpAA=",
            "requires": {
                "assert-plus": "^1.0.0",
                "core-util-is": "1.0.2",
                "extsprintf": "^1.2.0"
            }
        },
        "webidl-conversions": {
            "version": "3.0.1",
            "resolved": "https://registry.npmjs.org/webidl-conversions/-/webidl-conversions-3.0.1.tgz",
            "integrity": "sha1-JFNCdeKnvGvnvIZhHMFq4KVlSHE="
        },
        "whatwg-url": {
            "version": "5.0.0",
            "resolved": "https://registry.npmjs.org/whatwg-url/-/whatwg-url-5.0.0.tgz",
            "integrity": "sha1-lmRU6HZUYuN2RNNib2dCzotwll0=",
            "requires": {
                "tr46": "~0.0.3",
                "webidl-conversions": "^3.0.0"
            }
        },
        "which": {
            "version": "2.0.2",
            "resolved": "https://registry.npmjs.org/which/-/which-2.0.2.tgz",
            "integrity": "sha512-BLI3Tl1TW3Pvl70l3yq3Y64i+awpwXqsGBYWkkqMtnbXgrMD+yj7rhW0kuEDxzJaYXGjEW5ogapKNMEKNMjibA==",
            "requires": {
                "isexe": "^2.0.0"
            }
        }
    }
}
